{
  "name": "french-flashcard-app",
  "version": "1.0.0",
  "lockfileVersion": 3,
  "requires": true,
  "packages": {
    "": {
      "name": "french-flashcard-app",
      "version": "1.0.0",
      "license": "ISC",
      "dependencies": {
        "csv-parse": "^6.0.0",
        "dayjs": "^1.11.13",
        "fsrs-browser": "^4.1.1",
        "fsrs.js": "^1.2.2"
      }
    },
    "node_modules/csv-parse": {
      "version": "6.0.0",
      "resolved": "https://registry.npmjs.org/csv-parse/-/csv-parse-6.0.0.tgz",
      "integrity": "sha512-6aB9WrymEruVDwQOwa5AuYk4/Gb+HaJgLHGKOA9BXTqgsIFvbdHzQzZOuqNCOooTGciPDaHzTlGkU5P6kYVUYw==",
      "license": "MIT"
    },
    "node_modules/dayjs": {
      "version": "1.11.13",
      "resolved": "https://registry.npmjs.org/dayjs/-/dayjs-1.11.13.tgz",
      "integrity": "sha512-oaMBel6gjolK862uaPQOVTA7q3TZhuSvuMQAAglQDOWYO9A91IrAOUJEyKVlqJlHE0vq5p5UXxzdPfMH/x6xNg==",
      "license": "MIT"
    },
    "node_modules/fsrs-browser": {
      "version": "4.1.1",
      "resolved": "https://registry.npmjs.org/fsrs-browser/-/fsrs-browser-4.1.1.tgz",
      "integrity": "sha512-/cVXv+rjreo2dP1uqXw8OMh6C+QqKd/K+0SSw4BdujmlRAvz5+m3jYLXhUHL2z5oTYCNU+HCZmBVRjR5xf03nw==",
      "license": "BSD-3-Clause"
    },
    "node_modules/fsrs.js": {
      "version": "1.2.2",
      "resolved": "https://registry.npmjs.org/fsrs.js/-/fsrs.js-1.2.2.tgz",
      "integrity": "sha512-LFFPn33/EBbqJoOKmtCfE+Y3LyijQO7ytf/3N6+BlPP/QxI6nlrX6n7IeeKVkjxXVrKxUUvFXTR5K6keSztphg==",
      "license": "MIT",
      "engines": {
        "node": ">=10"
      }
    }
  }
}
